
Microsoft Visual Studio Solution File, Format Version 12.00
Project("{FAE04EC0-301F-11D3-BF4B-00C04F79EFBC}") = "Node.RPI", "Node.RPI\Node.RPI.csproj", "{08A23657-BEDF-44B1-8237-13AFE1BD5D3F}"
EndProject
Project("{FAE04EC0-301F-11D3-BF4B-00C04F79EFBC}") = "Node.Abstractions", "Node.Abstractions\Node.Abstractions.csproj", "{81AF9308-08D9-4BEB-83B4-24A03E6A9C6B}"
EndProject
Project("{FAE04EC0-301F-11D3-BF4B-00C04F79EFBC}") = "Node.Hardware", "Node.Hardware\Node.Hardware.csproj", "{F4614D6A-B45E-4851-AE90-732A246E8BEB}"
EndProject
Project("{FAE04EC0-301F-11D3-BF4B-00C04F79EFBC}") = "Node.Tests", "Node.Tests\Node.Tests.csproj", "{148ED46D-8BF9-4E93-94E0-E589107FAA46}"
EndProject
Project("{FAE04EC0-301F-11D3-BF4B-00C04F79EFBC}") = "Node.Tests.Console", "Node.Tests.Console\Node.Tests.Console.csproj", "{240C4ABE-178A-4E9E-889B-08110FD699D5}"
EndProject
Project("{FAE04EC0-301F-11D3-BF4B-00C04F79EFBC}") = "Mqtt.Extensions", "Mqtt.Extensions\Mqtt.Extensions.csproj", "{E6BBD3B6-3760-473C-B3DA-88BFA66B8E14}"
EndProject
Project("{FAE04EC0-301F-11D3-BF4B-00C04F79EFBC}") = "ConsoleClient", "ConsoleClient\ConsoleClient.csproj", "{15BE3E4C-1975-4719-8517-FADC83ADD9AD}"
EndProject
Project("{FAE04EC0-301F-11D3-BF4B-00C04F79EFBC}") = "Sampler433", "Sampler433\Sampler433.csproj", "{7CFBC686-BB84-4A86-8CB6-330524433BD4}"
EndProject
Global
	GlobalSection(SolutionConfigurationPlatforms) = preSolution
		Debug|Any CPU = Debug|Any CPU
		Release|Any CPU = Release|Any CPU
	EndGlobalSection
	GlobalSection(ProjectConfigurationPlatforms) = postSolution
		{08A23657-BEDF-44B1-8237-13AFE1BD5D3F}.Debug|Any CPU.ActiveCfg = Debug|Any CPU
		{08A23657-BEDF-44B1-8237-13AFE1BD5D3F}.Debug|Any CPU.Build.0 = Debug|Any CPU
		{08A23657-BEDF-44B1-8237-13AFE1BD5D3F}.Release|Any CPU.ActiveCfg = Release|Any CPU
		{08A23657-BEDF-44B1-8237-13AFE1BD5D3F}.Release|Any CPU.Build.0 = Release|Any CPU
		{81AF9308-08D9-4BEB-83B4-24A03E6A9C6B}.Debug|Any CPU.ActiveCfg = Debug|Any CPU
		{81AF9308-08D9-4BEB-83B4-24A03E6A9C6B}.Debug|Any CPU.Build.0 = Debug|Any CPU
		{81AF9308-08D9-4BEB-83B4-24A03E6A9C6B}.Release|Any CPU.ActiveCfg = Release|Any CPU
		{81AF9308-08D9-4BEB-83B4-24A03E6A9C6B}.Release|Any CPU.Build.0 = Release|Any CPU
		{F4614D6A-B45E-4851-AE90-732A246E8BEB}.Debug|Any CPU.ActiveCfg = Debug|Any CPU
		{F4614D6A-B45E-4851-AE90-732A246E8BEB}.Debug|Any CPU.Build.0 = Debug|Any CPU
		{F4614D6A-B45E-4851-AE90-732A246E8BEB}.Release|Any CPU.ActiveCfg = Release|Any CPU
		{F4614D6A-B45E-4851-AE90-732A246E8BEB}.Release|Any CPU.Build.0 = Release|Any CPU
		{148ED46D-8BF9-4E93-94E0-E589107FAA46}.Debug|Any CPU.ActiveCfg = Debug|Any CPU
		{148ED46D-8BF9-4E93-94E0-E589107FAA46}.Debug|Any CPU.Build.0 = Debug|Any CPU
		{148ED46D-8BF9-4E93-94E0-E589107FAA46}.Release|Any CPU.ActiveCfg = Release|Any CPU
		{148ED46D-8BF9-4E93-94E0-E589107FAA46}.Release|Any CPU.Build.0 = Release|Any CPU
		{240C4ABE-178A-4E9E-889B-08110FD699D5}.Debug|Any CPU.ActiveCfg = Debug|Any CPU
		{240C4ABE-178A-4E9E-889B-08110FD699D5}.Debug|Any CPU.Build.0 = Debug|Any CPU
		{240C4ABE-178A-4E9E-889B-08110FD699D5}.Release|Any CPU.ActiveCfg = Release|Any CPU
		{240C4ABE-178A-4E9E-889B-08110FD699D5}.Release|Any CPU.Build.0 = Release|Any CPU
		{E6BBD3B6-3760-473C-B3DA-88BFA66B8E14}.Debug|Any CPU.ActiveCfg = Debug|Any CPU
		{E6BBD3B6-3760-473C-B3DA-88BFA66B8E14}.Debug|Any CPU.Build.0 = Debug|Any CPU
		{E6BBD3B6-3760-473C-B3DA-88BFA66B8E14}.Release|Any CPU.ActiveCfg = Release|Any CPU
		{E6BBD3B6-3760-473C-B3DA-88BFA66B8E14}.Release|Any CPU.Build.0 = Release|Any CPU
		{15BE3E4C-1975-4719-8517-FADC83ADD9AD}.Debug|Any CPU.ActiveCfg = Debug|Any CPU
		{15BE3E4C-1975-4719-8517-FADC83ADD9AD}.Debug|Any CPU.Build.0 = Debug|Any CPU
		{15BE3E4C-1975-4719-8517-FADC83ADD9AD}.Release|Any CPU.ActiveCfg = Release|Any CPU
		{15BE3E4C-1975-4719-8517-FADC83ADD9AD}.Release|Any CPU.Build.0 = Release|Any CPU
		{7CFBC686-BB84-4A86-8CB6-330524433BD4}.Debug|Any CPU.ActiveCfg = Debug|Any CPU
		{7CFBC686-BB84-4A86-8CB6-330524433BD4}.Debug|Any CPU.Build.0 = Debug|Any CPU
		{7CFBC686-BB84-4A86-8CB6-330524433BD4}.Release|Any CPU.ActiveCfg = Release|Any CPU
		{7CFBC686-BB84-4A86-8CB6-330524433BD4}.Release|Any CPU.Build.0 = Release|Any CPU
	EndGlobalSection
EndGlobal
